
Microsoft Visual Studio Solution File, Format Version 12.00
# Visual Studio Version 16
VisualStudioVersion = 16.0.30011.22
MinimumVisualStudioVersion = 10.0.40219.1
Project("{FAE04EC0-301F-11D3-BF4B-00C04F79EFBC}") = "CSharp Class 11", "CSharp Class 11\CSharp Class 11.csproj", "{4DF57487-DAB9-43D4-A89D-889D5F87D0D4}"
EndProject
Global
	GlobalSection(SolutionConfigurationPlatforms) = preSolution
		Debug|Any CPU = Debug|Any CPU
		Release|Any CPU = Release|Any CPU
	EndGlobalSection
	GlobalSection(ProjectConfigurationPlatforms) = postSolution
		{4DF57487-DAB9-43D4-A89D-889D5F87D0D4}.Debug|Any CPU.ActiveCfg = Debug|Any CPU
		{4DF57487-DAB9-43D4-A89D-889D5F87D0D4}.Debug|Any CPU.Build.0 = Debug|Any CPU
		{4DF57487-DAB9-43D4-A89D-889D5F87D0D4}.Release|Any CPU.ActiveCfg = Release|Any CPU
		{4DF57487-DAB9-43D4-A89D-889D5F87D0D4}.Release|Any CPU.Build.0 = Release|Any CPU
	EndGlobalSection
	GlobalSection(SolutionProperties) = preSolution
		HideSolutionNode = FALSE
	EndGlobalSection
	GlobalSection(ExtensibilityGlobals) = postSolution
		SolutionGuid = {F158DFF4-2BEE-4BEA-8E6A-767D1E3B2281}
	EndGlobalSection
EndGlobal
